// !$*UTF8*$!
{
	archiveVersion = 1;
	classes = {
	};
	objectVersion = 71;
	objects = {

/* Begin PBXBuildFile section */
		A00000000000000000000001 /* DepthVision3DApp.swift in Sources */ = {isa = PBXBuildFile; fileRef = B00000000000000000000001 /* DepthVision3DApp.swift */; };
		A00000000000000000000002 /* ContentView.swift in Sources */ = {isa = PBXBuildFile; fileRef = B00000000000000000000002 /* ContentView.swift */; };
		A00000000000000000000003 /* AppViewModel.swift in Sources */ = {isa = PBXBuildFile; fileRef = B00000000000000000000003 /* AppViewModel.swift */; };
		A00000000000000000000004 /* DepthFrame.swift in Sources */ = {isa = PBXBuildFile; fileRef = B00000000000000000000004 /* DepthFrame.swift */; };
		A00000000000000000000005 /* DepthEstimator.swift in Sources */ = {isa = PBXBuildFile; fileRef = B00000000000000000000005 /* DepthEstimator.swift */; };
		A00000000000000000000006 /* StereoRenderer.swift in Sources */ = {isa = PBXBuildFile; fileRef = B00000000000000000000006 /* StereoRenderer.swift */; };
		A00000000000000000000008 /* DemoImageFactory.swift in Sources */ = {isa = PBXBuildFile; fileRef = B00000000000000000000008 /* DemoImageFactory.swift */; };
		A00000000000000000000009 /* ProcessingService.swift in Sources */ = {isa = PBXBuildFile; fileRef = B00000000000000000000009 /* ProcessingService.swift */; };
		A0000000000000000000000A /* VideoConverter.swift in Sources */ = {isa = PBXBuildFile; fileRef = B0000000000000000000000A /* VideoConverter.swift */; };
		A0000000000000000000000C /* DepthAnythingV2SmallF16.mlmodelc in Resources */ = {isa = PBXBuildFile; fileRef = B0000000000000000000000C /* DepthAnythingV2SmallF16.mlmodelc */; };
/* End PBXBuildFile section */

/* Begin PBXFileReference section */
		B00000000000000000000000 /* DepthVision3D.app */ = {isa = PBXFileReference; explicitFileType = wrapper.application; includeInIndex = 0; path = DepthVision3D.app; sourceTree = BUILT_PRODUCTS_DIR; };
		B00000000000000000000001 /* DepthVision3DApp.swift */ = {isa = PBXFileReference; lastKnownFileType = sourcecode.swift; path = DepthVision3DApp.swift; sourceTree = "<group>"; };
		B00000000000000000000002 /* ContentView.swift */ = {isa = PBXFileReference; lastKnownFileType = sourcecode.swift; path = ContentView.swift; sourceTree = "<group>"; };
		B00000000000000000000003 /* AppViewModel.swift */ = {isa = PBXFileReference; lastKnownFileType = sourcecode.swift; path = AppViewModel.swift; sourceTree = "<group>"; };
		B00000000000000000000004 /* DepthFrame.swift */ = {isa = PBXFileReference; lastKnownFileType = sourcecode.swift; path = DepthFrame.swift; sourceTree = "<group>"; };
		B00000000000000000000005 /* DepthEstimator.swift */ = {isa = PBXFileReference; lastKnownFileType = sourcecode.swift; path = DepthEstimator.swift; sourceTree = "<group>"; };
		B00000000000000000000006 /* StereoRenderer.swift */ = {isa = PBXFileReference; lastKnownFileType = sourcecode.swift; path = StereoRenderer.swift; sourceTree = "<group>"; };
		B00000000000000000000008 /* DemoImageFactory.swift */ = {isa = PBXFileReference; lastKnownFileType = sourcecode.swift; path = DemoImageFactory.swift; sourceTree = "<group>"; };
		B00000000000000000000009 /* ProcessingService.swift */ = {isa = PBXFileReference; lastKnownFileType = sourcecode.swift; path = ProcessingService.swift; sourceTree = "<group>"; };
		B0000000000000000000000A /* VideoConverter.swift */ = {isa = PBXFileReference; lastKnownFileType = sourcecode.swift; path = VideoConverter.swift; sourceTree = "<group>"; };
		B0000000000000000000000B /* DepthAnythingV2SmallF16.mlpackage */ = {isa = PBXFileReference; lastKnownFileType = folder.mlpackage; path = DepthAnythingV2SmallF16.mlpackage; sourceTree = "<group>"; };
		B0000000000000000000000C /* DepthAnythingV2SmallF16.mlmodelc */ = {isa = PBXFileReference; explicitFileType = folder; path = DepthAnythingV2SmallF16.mlmodelc; sourceTree = "<group>"; };
/* End PBXFileReference section */

/* Begin PBXFrameworksBuildPhase section */
		C00000000000000000000001 /* Frameworks */ = {
			isa = PBXFrameworksBuildPhase;
			buildActionMask = 2147483647;
			files = (
			);
			runOnlyForDeploymentPostprocessing = 0;
		};
/* End PBXFrameworksBuildPhase section */

/* Begin PBXGroup section */
		D00000000000000000000000 = {
			isa = PBXGroup;
			children = (
				D00000000000000000000001 /* DepthVision3D */,
				D00000000000000000000002 /* Products */,
			);
			sourceTree = "<group>";
		};
		D00000000000000000000001 /* DepthVision3D */ = {
			isa = PBXGroup;
			children = (
				B00000000000000000000001 /* DepthVision3DApp.swift */,
				B00000000000000000000002 /* ContentView.swift */,
				B00000000000000000000003 /* AppViewModel.swift */,
				B00000000000000000000004 /* DepthFrame.swift */,
				B00000000000000000000005 /* DepthEstimator.swift */,
				B00000000000000000000006 /* StereoRenderer.swift */,
				B00000000000000000000008 /* DemoImageFactory.swift */,
				B00000000000000000000009 /* ProcessingService.swift */,
				B0000000000000000000000A /* VideoConverter.swift */,
				D00000000000000000000003 /* Resources */,
			);
			path = DepthVision3D;
			sourceTree = "<group>";
		};
		D00000000000000000000002 /* Products */ = {
			isa = PBXGroup;
			children = (
				B00000000000000000000000 /* DepthVision3D.app */,
			);
			name = Products;
			sourceTree = "<group>";
		};
		D00000000000000000000003 /* Resources */ = {
			isa = PBXGroup;
			children = (
				D00000000000000000000004 /* Models */,
				D00000000000000000000005 /* CompiledModels */,
			);
			path = Resources;
			sourceTree = "<group>";
		};
		D00000000000000000000004 /* Models */ = {
			isa = PBXGroup;
			children = (
				B0000000000000000000000B /* DepthAnythingV2SmallF16.mlpackage */,
			);
			path = Models;
			sourceTree = "<group>";
		};
		D00000000000000000000005 /* CompiledModels */ = {
			isa = PBXGroup;
			children = (
				B0000000000000000000000C /* DepthAnythingV2SmallF16.mlmodelc */,
			);
			path = CompiledModels;
			sourceTree = "<group>";
		};
/* End PBXGroup section */

/* Begin PBXNativeTarget section */
		E00000000000000000000001 /* DepthVision3D */ = {
			isa = PBXNativeTarget;
			buildConfigurationList = F00000000000000000000001 /* Build configuration list for PBXNativeTarget "DepthVision3D" */;
			buildPhases = (
				C00000000000000000000002 /* Sources */,
				C00000000000000000000001 /* Frameworks */,
				C00000000000000000000003 /* Resources */,
			);
			buildRules = (
			);
			dependencies = (
			);
			name = DepthVision3D;
			productName = DepthVision3D;
			productReference = B00000000000000000000000 /* DepthVision3D.app */;
			productType = "com.apple.product-type.application";
		};
/* End PBXNativeTarget section */

/* Begin PBXProject section */
		E00000000000000000000000 /* Project object */ = {
			isa = PBXProject;
			attributes = {
				BuildIndependentTargetsInParallel = 1;
				LastSwiftUpdateCheck = 2660;
				LastUpgradeCheck = 2660;
				TargetAttributes = {
					E00000000000000000000001 = {
						CreatedOnToolsVersion = 26.6;
					};
				};
			};
			buildConfigurationList = F00000000000000000000000 /* Build configuration list for PBXProject "DepthVision3D" */;
			compatibilityVersion = "Xcode 16.0";
			developmentRegion = en;
			hasScannedForEncodings = 0;
			knownRegions = (
				en,
				Base,
				"zh-Hans",
			);
			mainGroup = D00000000000000000000000;
			productRefGroup = D00000000000000000000002 /* Products */;
			projectDirPath = "";
			projectRoot = "";
			targets = (
				E00000000000000000000001 /* DepthVision3D */,
			);
		};
/* End PBXProject section */

/* Begin PBXResourcesBuildPhase section */
		C00000000000000000000003 /* Resources */ = {
			isa = PBXResourcesBuildPhase;
			buildActionMask = 2147483647;
			files = (
				A0000000000000000000000C /* DepthAnythingV2SmallF16.mlmodelc in Resources */,
			);
			runOnlyForDeploymentPostprocessing = 0;
		};
/* End PBXResourcesBuildPhase section */

/* Begin PBXSourcesBuildPhase section */
		C00000000000000000000002 /* Sources */ = {
			isa = PBXSourcesBuildPhase;
			buildActionMask = 2147483647;
			files = (
				A00000000000000000000001 /* DepthVision3DApp.swift in Sources */,
				A00000000000000000000002 /* ContentView.swift in Sources */,
				A00000000000000000000003 /* AppViewModel.swift in Sources */,
				A00000000000000000000004 /* DepthFrame.swift in Sources */,
				A00000000000000000000005 /* DepthEstimator.swift in Sources */,
				A00000000000000000000006 /* StereoRenderer.swift in Sources */,
				A00000000000000000000008 /* DemoImageFactory.swift in Sources */,
				A00000000000000000000009 /* ProcessingService.swift in Sources */,
				A0000000000000000000000A /* VideoConverter.swift in Sources */,
			);
			runOnlyForDeploymentPostprocessing = 0;
		};
/* End PBXSourcesBuildPhase section */

/* Begin XCBuildConfiguration section */
		F10000000000000000000001 /* Debug */ = {
			isa = XCBuildConfiguration;
			buildSettings = {
				ALWAYS_SEARCH_USER_PATHS = NO;
				CLANG_ENABLE_MODULES = YES;
				CLANG_ENABLE_OBJC_ARC = YES;
				COPY_PHASE_STRIP = NO;
				DEBUG_INFORMATION_FORMAT = dwarf;
				ENABLE_TESTABILITY = YES;
				GCC_C_LANGUAGE_STANDARD = gnu17;
				GCC_OPTIMIZATION_LEVEL = 0;
				MTL_ENABLE_DEBUG_INFO = INCLUDE_SOURCE;
				ONLY_ACTIVE_ARCH = YES;
				SDKROOT = iphoneos;
				SWIFT_ACTIVE_COMPILATION_CONDITIONS = DEBUG;
				SWIFT_OPTIMIZATION_LEVEL = "-Onone";
			};
			name = Debug;
		};
		F10000000000000000000002 /* Release */ = {
			isa = XCBuildConfiguration;
			buildSettings = {
				ALWAYS_SEARCH_USER_PATHS = NO;
				CLANG_ENABLE_MODULES = YES;
				CLANG_ENABLE_OBJC_ARC = YES;
				COPY_PHASE_STRIP = NO;
				DEBUG_INFORMATION_FORMAT = "dwarf-with-dsym";
				ENABLE_NS_ASSERTIONS = NO;
				GCC_C_LANGUAGE_STANDARD = gnu17;
				MTL_ENABLE_DEBUG_INFO = NO;
				SDKROOT = iphoneos;
				SWIFT_COMPILATION_MODE = wholemodule;
				SWIFT_OPTIMIZATION_LEVEL = "-O";
			};
			name = Release;
		};
		F10000000000000000000003 /* Debug */ = {
			isa = XCBuildConfiguration;
			buildSettings = {
				ASSETCATALOG_COMPILER_GENERATE_SWIFT_ASSET_SYMBOL_EXTENSIONS = YES;
				CODE_SIGN_STYLE = Automatic;
				CURRENT_PROJECT_VERSION = 1;
				DEVELOPMENT_TEAM = XX45LR8DKR;
				GENERATE_INFOPLIST_FILE = YES;
				INFOPLIST_KEY_CFBundleDisplayName = "Depth Vision 3D";
				INFOPLIST_KEY_UIApplicationSupportsIndirectInputEvents = YES;
				INFOPLIST_KEY_UILaunchScreen_Generation = YES;
				IPHONEOS_DEPLOYMENT_TARGET = 17.0;
				LD_RUNPATH_SEARCH_PATHS = (
					"$(inherited)",
					"@executable_path/Frameworks",
				);
				MARKETING_VERSION = 1.0;
				PRODUCT_BUNDLE_IDENTIFIER = com.example.DepthVision3D;
				PRODUCT_NAME = "$(TARGET_NAME)";
				SUPPORTED_PLATFORMS = "iphoneos iphonesimulator";
				SUPPORTS_MACCATALYST = NO;
				SWIFT_EMIT_LOC_STRINGS = YES;
				SWIFT_STRICT_CONCURRENCY = minimal;
				SWIFT_VERSION = 5.0;
				TARGETED_DEVICE_FAMILY = "1,2";
			};
			name = Debug;
		};
		F10000000000000000000004 /* Release */ = {
			isa = XCBuildConfiguration;
			buildSettings = {
				ASSETCATALOG_COMPILER_GENERATE_SWIFT_ASSET_SYMBOL_EXTENSIONS = YES;
				CODE_SIGN_STYLE = Automatic;
				CURRENT_PROJECT_VERSION = 1;
				DEVELOPMENT_TEAM = XX45LR8DKR;
				GENERATE_INFOPLIST_FILE = YES;
				INFOPLIST_KEY_CFBundleDisplayName = "Depth Vision 3D";
				INFOPLIST_KEY_UIApplicationSupportsIndirectInputEvents = YES;
				INFOPLIST_KEY_UILaunchScreen_Generation = YES;
				IPHONEOS_DEPLOYMENT_TARGET = 17.0;
				LD_RUNPATH_SEARCH_PATHS = (
					"$(inherited)",
					"@executable_path/Frameworks",
				);
				MARKETING_VERSION = 1.0;
				PRODUCT_BUNDLE_IDENTIFIER = com.example.DepthVision3D;
				PRODUCT_NAME = "$(TARGET_NAME)";
				SUPPORTED_PLATFORMS = "iphoneos iphonesimulator";
				SUPPORTS_MACCATALYST = NO;
				SWIFT_EMIT_LOC_STRINGS = YES;
				SWIFT_STRICT_CONCURRENCY = minimal;
				SWIFT_VERSION = 5.0;
				TARGETED_DEVICE_FAMILY = "1,2";
			};
			name = Release;
		};
/* End XCBuildConfiguration section */

/* Begin XCConfigurationList section */
		F00000000000000000000000 /* Build configuration list for PBXProject "DepthVision3D" */ = {
			isa = XCConfigurationList;
			buildConfigurations = (
				F10000000000000000000001 /* Debug */,
				F10000000000000000000002 /* Release */,
			);
			defaultConfigurationIsVisible = 0;
			defaultConfigurationName = Release;
		};
		F00000000000000000000001 /* Build configuration list for PBXNativeTarget "DepthVision3D" */ = {
			isa = XCConfigurationList;
			buildConfigurations = (
				F10000000000000000000003 /* Debug */,
				F10000000000000000000004 /* Release */,
			);
			defaultConfigurationIsVisible = 0;
			defaultConfigurationName = Release;
		};
/* End XCConfigurationList section */
	};
	rootObject = E00000000000000000000000 /* Project object */;
}
